
Microsoft Visual Studio Solution File, Format Version 12.00
# Visual Studio Version 17
VisualStudioVersion = 17.0.31903.59
MinimumVisualStudioVersion = 10.0.40219.1
Project("{FAE04EC0-301F-11D3-BF4B-00C04F79EFBC}") = "ExportPro.Common.DataAccess.MongoDB", "ExportPro.Common.DataAccess.MongoDB\ExportPro.Common.DataAccess.MongoDB.csproj", "{CEA4A805-45F4-4134-910A-E11902E6FD4E}"
EndProject
Project("{FAE04EC0-301F-11D3-BF4B-00C04F79EFBC}") = "ExportPro.Common.Models.MongoDB", "ExportPro.Common.Models.MongoDB\ExportPro.Common.Models.MongoDB.csproj", "{F41352BF-EF05-499F-BB63-A5B33CAC69D9}"
EndProject
Project("{FAE04EC0-301F-11D3-BF4B-00C04F79EFBC}") = "ExportPro.Common.Core", "ExportPro.Common.Core\ExportPro.Common.Core.csproj", "{522DB4F0-9546-44AA-BD90-EA18E201283D}"
EndProject
Global
	GlobalSection(SolutionConfigurationPlatforms) = preSolution
		Debug|Any CPU = Debug|Any CPU
		Debug|x64 = Debug|x64
		Debug|x86 = Debug|x86
		Release|Any CPU = Release|Any CPU
		Release|x64 = Release|x64
		Release|x86 = Release|x86
	EndGlobalSection
	GlobalSection(ProjectConfigurationPlatforms) = postSolution
		{CEA4A805-45F4-4134-910A-E11902E6FD4E}.Debug|Any CPU.ActiveCfg = Debug|Any CPU
		{CEA4A805-45F4-4134-910A-E11902E6FD4E}.Debug|Any CPU.Build.0 = Debug|Any CPU
		{CEA4A805-45F4-4134-910A-E11902E6FD4E}.Debug|x64.ActiveCfg = Debug|Any CPU
		{CEA4A805-45F4-4134-910A-E11902E6FD4E}.Debug|x64.Build.0 = Debug|Any CPU
		{CEA4A805-45F4-4134-910A-E11902E6FD4E}.Debug|x86.ActiveCfg = Debug|Any CPU
		{CEA4A805-45F4-4134-910A-E11902E6FD4E}.Debug|x86.Build.0 = Debug|Any CPU
		{CEA4A805-45F4-4134-910A-E11902E6FD4E}.Release|Any CPU.ActiveCfg = Release|Any CPU
		{CEA4A805-45F4-4134-910A-E11902E6FD4E}.Release|Any CPU.Build.0 = Release|Any CPU
		{CEA4A805-45F4-4134-910A-E11902E6FD4E}.Release|x64.ActiveCfg = Release|Any CPU
		{CEA4A805-45F4-4134-910A-E11902E6FD4E}.Release|x64.Build.0 = Release|Any CPU
		{CEA4A805-45F4-4134-910A-E11902E6FD4E}.Release|x86.ActiveCfg = Release|Any CPU
		{CEA4A805-45F4-4134-910A-E11902E6FD4E}.Release|x86.Build.0 = Release|Any CPU
		{F41352BF-EF05-499F-BB63-A5B33CAC69D9}.Debug|Any CPU.ActiveCfg = Debug|Any CPU
		{F41352BF-EF05-499F-BB63-A5B33CAC69D9}.Debug|Any CPU.Build.0 = Debug|Any CPU
		{F41352BF-EF05-499F-BB63-A5B33CAC69D9}.Debug|x64.ActiveCfg = Debug|Any CPU
		{F41352BF-EF05-499F-BB63-A5B33CAC69D9}.Debug|x64.Build.0 = Debug|Any CPU
		{F41352BF-EF05-499F-BB63-A5B33CAC69D9}.Debug|x86.ActiveCfg = Debug|Any CPU
		{F41352BF-EF05-499F-BB63-A5B33CAC69D9}.Debug|x86.Build.0 = Debug|Any CPU
		{F41352BF-EF05-499F-BB63-A5B33CAC69D9}.Release|Any CPU.ActiveCfg = Release|Any CPU
		{F41352BF-EF05-499F-BB63-A5B33CAC69D9}.Release|Any CPU.Build.0 = Release|Any CPU
		{F41352BF-EF05-499F-BB63-A5B33CAC69D9}.Release|x64.ActiveCfg = Release|Any CPU
		{F41352BF-EF05-499F-BB63-A5B33CAC69D9}.Release|x64.Build.0 = Release|Any CPU
		{F41352BF-EF05-499F-BB63-A5B33CAC69D9}.Release|x86.ActiveCfg = Release|Any CPU
		{F41352BF-EF05-499F-BB63-A5B33CAC69D9}.Release|x86.Build.0 = Release|Any CPU
		{522DB4F0-9546-44AA-BD90-EA18E201283D}.Debug|Any CPU.ActiveCfg = Debug|Any CPU
		{522DB4F0-9546-44AA-BD90-EA18E201283D}.Debug|Any CPU.Build.0 = Debug|Any CPU
		{522DB4F0-9546-44AA-BD90-EA18E201283D}.Debug|x64.ActiveCfg = Debug|Any CPU
		{522DB4F0-9546-44AA-BD90-EA18E201283D}.Debug|x64.Build.0 = Debug|Any CPU
		{522DB4F0-9546-44AA-BD90-EA18E201283D}.Debug|x86.ActiveCfg = Debug|Any CPU
		{522DB4F0-9546-44AA-BD90-EA18E201283D}.Debug|x86.Build.0 = Debug|Any CPU
		{522DB4F0-9546-44AA-BD90-EA18E201283D}.Release|Any CPU.ActiveCfg = Release|Any CPU
		{522DB4F0-9546-44AA-BD90-EA18E201283D}.Release|Any CPU.Build.0 = Release|Any CPU
		{522DB4F0-9546-44AA-BD90-EA18E201283D}.Release|x64.ActiveCfg = Release|Any CPU
		{522DB4F0-9546-44AA-BD90-EA18E201283D}.Release|x64.Build.0 = Release|Any CPU
		{522DB4F0-9546-44AA-BD90-EA18E201283D}.Release|x86.ActiveCfg = Release|Any CPU
		{522DB4F0-9546-44AA-BD90-EA18E201283D}.Release|x86.Build.0 = Release|Any CPU
	EndGlobalSection
	GlobalSection(SolutionProperties) = preSolution
		HideSolutionNode = FALSE
	EndGlobalSection
EndGlobal
