Microsoft Visual Studio Solution File, Format Version 12.00
# Visual Studio Version 17
VisualStudioVersion = 17.5.2.0
MinimumVisualStudioVersion = 10.0.40219.1
Project("{FAE04EC0-301F-11D3-BF4B-00C04F79EFBC}") = "ExportPro.Export.Job.ServiceHost", "ExportPro.Export.Job.ServiceHost.csproj", "{CE631DCA-F840-84BA-9E03-4CE9C3B97835}"
EndProject
Global
	GlobalSection(SolutionConfigurationPlatforms) = preSolution
		Debug|Any CPU = Debug|Any CPU
		Release|Any CPU = Release|Any CPU
	EndGlobalSection
	GlobalSection(ProjectConfigurationPlatforms) = postSolution
		{CE631DCA-F840-84BA-9E03-4CE9C3B97835}.Debug|Any CPU.ActiveCfg = Debug|Any CPU
		{CE631DCA-F840-84BA-9E03-4CE9C3B97835}.Debug|Any CPU.Build.0 = Debug|Any CPU
		{CE631DCA-F840-84BA-9E03-4CE9C3B97835}.Release|Any CPU.ActiveCfg = Release|Any CPU
		{CE631DCA-F840-84BA-9E03-4CE9C3B97835}.Release|Any CPU.Build.0 = Release|Any CPU
	EndGlobalSection
	GlobalSection(SolutionProperties) = preSolution
		HideSolutionNode = FALSE
	EndGlobalSection
	GlobalSection(ExtensibilityGlobals) = postSolution
		SolutionGuid = {7723A4D0-8173-4BDC-A5D4-0AB3A48CCEBE}
	EndGlobalSection
EndGlobal
