
Microsoft Visual Studio Solution File, Format Version 12.00
# Visual Studio Version 17
VisualStudioVersion = 17.0.31903.59
MinimumVisualStudioVersion = 10.0.40219.1
Project("{2150E333-8FDC-42A3-9474-1A3956D46DE8}") = "ExportPro.Common", "ExportPro.Common", "{02EA681E-C7D8-13C7-8484-4AC65E1B71E8}"
EndProject
Project("{2150E333-8FDC-42A3-9474-1A3956D46DE8}") = "ExportPro.Gateway", "ExportPro.Gateway", "{7BB729FC-AE91-4AB7-9AD8-3D8D33F449A5}"
EndProject
Project("{2150E333-8FDC-42A3-9474-1A3956D46DE8}") = "ExportPro.Export", "ExportPro.Export", "{D60A68F1-98AF-4E46-BE20-CD4AD30A3526}"
EndProject
Project("{2150E333-8FDC-42A3-9474-1A3956D46DE8}") = "ExportPro.StorageService", "ExportPro.StorageService", "{983068BC-B50F-4D64-AD6C-5CF31770DEDB}"
EndProject
Project("{FAE04EC0-301F-11D3-BF4B-00C04F79EFBC}") = "ExportPro.Common.DataAccess.MongoDB", "ExportPro.Common\ExportPro.Common.DataAccess.MongoDB\ExportPro.Common.DataAccess.MongoDB.csproj", "{0B154D9D-0A33-4446-B6C9-DC9D64C39B16}"
EndProject
Project("{FAE04EC0-301F-11D3-BF4B-00C04F79EFBC}") = "ExportPro.Common.Models.MongoDB", "ExportPro.Common\ExportPro.Common.Models.MongoDB\ExportPro.Common.Models.MongoDB.csproj", "{3B332C82-7024-4D43-8263-A3C53F639F47}"
EndProject
Project("{FAE04EC0-301F-11D3-BF4B-00C04F79EFBC}") = "ExportPro.Common.Shared", "ExportPro.Common\ExportPro.Common.Shared\ExportPro.Common.Shared.csproj", "{55FECB0F-82B7-4D59-845F-EDEF68BAA8A6}"
EndProject
Project("{FAE04EC0-301F-11D3-BF4B-00C04F79EFBC}") = "ExportPro.Export.CQRS", "ExportPro.Export\ExportPro.Export.CQRS\ExportPro.Export.CQRS.csproj", "{59E05E5B-466C-45E3-A6D0-F00890D660B5}"
EndProject
Project("{FAE04EC0-301F-11D3-BF4B-00C04F79EFBC}") = "ExportPro.Export.Excel", "ExportPro.Export\ExportPro.Export.Excel\ExportPro.Export.Excel.csproj", "{101C4DF7-B02A-4E29-AE02-A5C0E4B542C0}"
EndProject
Project("{FAE04EC0-301F-11D3-BF4B-00C04F79EFBC}") = "ExportPro.Export.SDK", "ExportPro.Export\ExportPro.Export.SDK\ExportPro.Export.SDK.csproj", "{AF59CBDF-F8F8-4912-81C7-423F655FCC52}"
EndProject
Project("{FAE04EC0-301F-11D3-BF4B-00C04F79EFBC}") = "ExportPro.Export.ServiceHost", "ExportPro.Export\ExportPro.Export.ServiceHost\ExportPro.Export.ServiceHost.csproj", "{10A8E0EF-2676-4686-A3A1-38F95B84ADB2}"
EndProject
Project("{FAE04EC0-301F-11D3-BF4B-00C04F79EFBC}") = "ExportPro.StorageService.CQRS", "ExportPro.StorageService\ExportPro.StorageService.CQRS\ExportPro.StorageService.CQRS.csproj", "{DE70D432-3309-4719-9C0F-A447B2CAC134}"
EndProject
Project("{FAE04EC0-301F-11D3-BF4B-00C04F79EFBC}") = "ExportPro.StorageService.SDK", "ExportPro.StorageService\ExportPro.StorageService.SDK\ExportPro.StorageService.SDK.csproj", "{AF50B13B-0A0D-417E-8BA3-90B7AE88A319}"
EndProject
Project("{FAE04EC0-301F-11D3-BF4B-00C04F79EFBC}") = "ExportPro.StorageService.API", "ExportPro.StorageService\ExportPro.StorageService.API\ExportPro.StorageService.API.csproj", "{3C1E614F-64F0-4555-9565-27811F4BF672}"
EndProject
Project("{2150E333-8FDC-42A3-9474-1A3956D46DE8}") = "ExportPro.Auth", "ExportPro.Auth", "{F3DA3612-C897-4730-956D-44606B5B3019}"
EndProject
Project("{FAE04EC0-301F-11D3-BF4B-00C04F79EFBC}") = "ExportPro.AuthService", "ExportPro.Auth\ExportPro.AuthService\ExportPro.AuthService.csproj", "{68EFD010-3139-49C7-8E44-A12882924222}"
EndProject
Project("{FAE04EC0-301F-11D3-BF4B-00C04F79EFBC}") = "ExportPro.Auth.SDK", "ExportPro.Auth\ExportPro.Auth.SDK\ExportPro.Auth.SDK.csproj", "{8F073FAF-43E1-42E0-AA3A-6972A80B9C9F}"
EndProject
Project("{FAE04EC0-301F-11D3-BF4B-00C04F79EFBC}") = "ExportPro.Auth.ServiceHost", "ExportPro.Auth\ExportPro.Auth.ServiceHost\ExportPro.Auth.ServiceHost.csproj", "{890A26FC-ADC9-4BF5-B594-9331893A0FDD}"
EndProject
Project("{FAE04EC0-301F-11D3-BF4B-00C04F79EFBC}") = "ExportPro.Auth.CQRS", "ExportPro.Auth\ExportPro.Auth.CQRS\ExportPro.Auth.CQRS.csproj", "{0BA4615A-43E0-49FF-83B3-87CF926EC15D}"
EndProject
Project("{FAE04EC0-301F-11D3-BF4B-00C04F79EFBC}") = "ExportPro.Auth.Tests", "ExportPro.Auth\ExportPro.Auth.Tests\ExportPro.Auth.Tests.csproj", "{DC51D98F-D9E8-405C-B233-B71B7FE17128}"
EndProject
Project("{FAE04EC0-301F-11D3-BF4B-00C04F79EFBC}") = "ExportPro.Export.Pdf", "ExportPro.Export\ExportPro.Export.Pdf\ExportPro.Export.Pdf.csproj", "{E8EB536E-A9F3-4675-A2D0-0482AC801D2B}"
EndProject
Project("{FAE04EC0-301F-11D3-BF4B-00C04F79EFBC}") = "ExportPro.Export.Csv", "ExportPro.Export\ExportPro.Export.Csv\ExportPro.Export.Csv.csproj", "{AB6A0351-2A1A-4068-B566-2C2552AF61BB}"
EndProject
Project("{FAE04EC0-301F-11D3-BF4B-00C04F79EFBC}") = "ExportPro.StorageService.Models", "ExportPro.StorageService\ExportPro.StorageService.Models\ExportPro.StorageService.Models.csproj", "{6FE60513-416B-429B-A669-3E940FEC80DC}"
EndProject
Project("{FAE04EC0-301F-11D3-BF4B-00C04F79EFBC}") = "ExportPro.StorageService.DataAccess", "ExportPro.StorageService\ExportPro.StorageService.DataAccess\ExportPro.StorageService.DataAccess.csproj", "{1FBDA56C-7748-482C-B399-577E21BF41CB}"
EndProject
Project("{FAE04EC0-301F-11D3-BF4B-00C04F79EFBC}") = "ExportPro.Gateway.ServiceHost", "ExportPro.Gateway\ExportPro.Gateway.ServiceHost\ExportPro.Gateway.ServiceHost.csproj", "{A07105E6-CDED-4F13-BC8C-14F4EDABF686}"
EndProject
Project("{FAE04EC0-301F-11D3-BF4B-00C04F79EFBC}") = "ExportPro.StorageService.Tests", "ExportPro.StorageService\ExportPro.StorageService.Tests\ExportPro.StorageService.Tests.csproj", "{A4E8E67A-34CF-4E82-B5E4-099BCF2DF9C2}"
EndProject
Project("{2150E333-8FDC-42A3-9474-1A3956D46DE8}") = "ExportPro.Front", "ExportPro.Front", "{55A39812-F82E-46CD-BA14-02789B5F1EC0}"
EndProject
Project("{FAE04EC0-301F-11D3-BF4B-00C04F79EFBC}") = "ExportPro.Front", "ExportPro.Front\ExportPro.Front.csproj", "{DFDE1FE4-99EC-4219-AF89-A887A3E80313}"
EndProject
Project("{2150E333-8FDC-42A3-9474-1A3956D46DE8}") = "ExportPro.IntegrationTests", "ExportPro.IntegrationTests", "{FABE676F-44EA-4378-BA47-6DD6166BF24B}"
EndProject
Project("{FAE04EC0-301F-11D3-BF4B-00C04F79EFBC}") = "ExportPro.StorageService.IntegrationTests", "ExportPro.IntegrationTests\ExportPro.StorageService.IntegrationTests\ExportPro.StorageService.IntegrationTests.csproj", "{53F63BDE-72BE-45E1-91E5-43F474DB1E44}"
EndProject
Project("{FAE04EC0-301F-11D3-BF4B-00C04F79EFBC}") = "ExportPro.Shared.IntegrationTests", "ExportPro.IntegrationTests\ExportPro.Shared.IntegrationTests\ExportPro.Shared.IntegrationTests.csproj", "{9DD11DD2-4FC9-44FD-905D-B454FA68E1C8}"
EndProject
Project("{FAE04EC0-301F-11D3-BF4B-00C04F79EFBC}") = "ExportPro.Export.IntegrationTests", "ExportPro.IntegrationTests\ExportPro.Export.IntegrationTests\ExportPro.Export.IntegrationTests.csproj", "{2802FD88-25E6-4A5E-BF55-911C8BF1A068}"
EndProject
Project("{2150E333-8FDC-42A3-9474-1A3956D46DE8}") = "ExportPro.Jobs", "ExportPro.Jobs", "{674797FE-5270-731E-8410-92FABA3936FE}"
EndProject
Project("{FAE04EC0-301F-11D3-BF4B-00C04F79EFBC}") = "ExportPro.Export.Job.ServiceHost", "ExportPro.Jobs\ExportPro.Export.Job.ServiceHost\ExportPro.Export.Job.ServiceHost.csproj", "{B796B880-D11B-4EAB-B6BF-BC6EC7A7F8E4}"
EndProject
Project("{FAE04EC0-301F-11D3-BF4B-00C04F79EFBC}") = "ExportPro.Export.Job.Utilities", "ExportPro.Jobs\ExportPro.Export.Job.Utilities\ExportPro.Export.Job.Utilities.csproj", "{CA444684-F43E-4844-A157-79FDA30F370B}"
EndProject
Global
	GlobalSection(SolutionConfigurationPlatforms) = preSolution
		Debug|Any CPU = Debug|Any CPU
		Debug|x64 = Debug|x64
		Debug|x86 = Debug|x86
		Release|Any CPU = Release|Any CPU
		Release|x64 = Release|x64
		Release|x86 = Release|x86
	EndGlobalSection
	GlobalSection(ProjectConfigurationPlatforms) = postSolution
		{0B154D9D-0A33-4446-B6C9-DC9D64C39B16}.Debug|Any CPU.ActiveCfg = Debug|Any CPU
		{0B154D9D-0A33-4446-B6C9-DC9D64C39B16}.Debug|Any CPU.Build.0 = Debug|Any CPU
		{0B154D9D-0A33-4446-B6C9-DC9D64C39B16}.Debug|x64.ActiveCfg = Debug|Any CPU
		{0B154D9D-0A33-4446-B6C9-DC9D64C39B16}.Debug|x64.Build.0 = Debug|Any CPU
		{0B154D9D-0A33-4446-B6C9-DC9D64C39B16}.Debug|x86.ActiveCfg = Debug|Any CPU
		{0B154D9D-0A33-4446-B6C9-DC9D64C39B16}.Debug|x86.Build.0 = Debug|Any CPU
		{0B154D9D-0A33-4446-B6C9-DC9D64C39B16}.Release|Any CPU.ActiveCfg = Release|Any CPU
		{0B154D9D-0A33-4446-B6C9-DC9D64C39B16}.Release|Any CPU.Build.0 = Release|Any CPU
		{0B154D9D-0A33-4446-B6C9-DC9D64C39B16}.Release|x64.ActiveCfg = Release|Any CPU
		{0B154D9D-0A33-4446-B6C9-DC9D64C39B16}.Release|x64.Build.0 = Release|Any CPU
		{0B154D9D-0A33-4446-B6C9-DC9D64C39B16}.Release|x86.ActiveCfg = Release|Any CPU
		{0B154D9D-0A33-4446-B6C9-DC9D64C39B16}.Release|x86.Build.0 = Release|Any CPU
		{3B332C82-7024-4D43-8263-A3C53F639F47}.Debug|Any CPU.ActiveCfg = Debug|Any CPU
		{3B332C82-7024-4D43-8263-A3C53F639F47}.Debug|Any CPU.Build.0 = Debug|Any CPU
		{3B332C82-7024-4D43-8263-A3C53F639F47}.Debug|x64.ActiveCfg = Debug|Any CPU
		{3B332C82-7024-4D43-8263-A3C53F639F47}.Debug|x64.Build.0 = Debug|Any CPU
		{3B332C82-7024-4D43-8263-A3C53F639F47}.Debug|x86.ActiveCfg = Debug|Any CPU
		{3B332C82-7024-4D43-8263-A3C53F639F47}.Debug|x86.Build.0 = Debug|Any CPU
		{3B332C82-7024-4D43-8263-A3C53F639F47}.Release|Any CPU.ActiveCfg = Release|Any CPU
		{3B332C82-7024-4D43-8263-A3C53F639F47}.Release|Any CPU.Build.0 = Release|Any CPU
		{3B332C82-7024-4D43-8263-A3C53F639F47}.Release|x64.ActiveCfg = Release|Any CPU
		{3B332C82-7024-4D43-8263-A3C53F639F47}.Release|x64.Build.0 = Release|Any CPU
		{3B332C82-7024-4D43-8263-A3C53F639F47}.Release|x86.ActiveCfg = Release|Any CPU
		{3B332C82-7024-4D43-8263-A3C53F639F47}.Release|x86.Build.0 = Release|Any CPU
		{55FECB0F-82B7-4D59-845F-EDEF68BAA8A6}.Debug|Any CPU.ActiveCfg = Debug|Any CPU
		{55FECB0F-82B7-4D59-845F-EDEF68BAA8A6}.Debug|Any CPU.Build.0 = Debug|Any CPU
		{55FECB0F-82B7-4D59-845F-EDEF68BAA8A6}.Debug|x64.ActiveCfg = Debug|Any CPU
		{55FECB0F-82B7-4D59-845F-EDEF68BAA8A6}.Debug|x64.Build.0 = Debug|Any CPU
		{55FECB0F-82B7-4D59-845F-EDEF68BAA8A6}.Debug|x86.ActiveCfg = Debug|Any CPU
		{55FECB0F-82B7-4D59-845F-EDEF68BAA8A6}.Debug|x86.Build.0 = Debug|Any CPU
		{55FECB0F-82B7-4D59-845F-EDEF68BAA8A6}.Release|Any CPU.ActiveCfg = Release|Any CPU
		{55FECB0F-82B7-4D59-845F-EDEF68BAA8A6}.Release|Any CPU.Build.0 = Release|Any CPU
		{55FECB0F-82B7-4D59-845F-EDEF68BAA8A6}.Release|x64.ActiveCfg = Release|Any CPU
		{55FECB0F-82B7-4D59-845F-EDEF68BAA8A6}.Release|x64.Build.0 = Release|Any CPU
		{55FECB0F-82B7-4D59-845F-EDEF68BAA8A6}.Release|x86.ActiveCfg = Release|Any CPU
		{55FECB0F-82B7-4D59-845F-EDEF68BAA8A6}.Release|x86.Build.0 = Release|Any CPU
		{59E05E5B-466C-45E3-A6D0-F00890D660B5}.Debug|Any CPU.ActiveCfg = Debug|Any CPU
		{59E05E5B-466C-45E3-A6D0-F00890D660B5}.Debug|Any CPU.Build.0 = Debug|Any CPU
		{59E05E5B-466C-45E3-A6D0-F00890D660B5}.Debug|x64.ActiveCfg = Debug|Any CPU
		{59E05E5B-466C-45E3-A6D0-F00890D660B5}.Debug|x64.Build.0 = Debug|Any CPU
		{59E05E5B-466C-45E3-A6D0-F00890D660B5}.Debug|x86.ActiveCfg = Debug|Any CPU
		{59E05E5B-466C-45E3-A6D0-F00890D660B5}.Debug|x86.Build.0 = Debug|Any CPU
		{59E05E5B-466C-45E3-A6D0-F00890D660B5}.Release|Any CPU.ActiveCfg = Release|Any CPU
		{59E05E5B-466C-45E3-A6D0-F00890D660B5}.Release|Any CPU.Build.0 = Release|Any CPU
		{59E05E5B-466C-45E3-A6D0-F00890D660B5}.Release|x64.ActiveCfg = Release|Any CPU
		{59E05E5B-466C-45E3-A6D0-F00890D660B5}.Release|x64.Build.0 = Release|Any CPU
		{59E05E5B-466C-45E3-A6D0-F00890D660B5}.Release|x86.ActiveCfg = Release|Any CPU
		{59E05E5B-466C-45E3-A6D0-F00890D660B5}.Release|x86.Build.0 = Release|Any CPU
		{101C4DF7-B02A-4E29-AE02-A5C0E4B542C0}.Debug|Any CPU.ActiveCfg = Debug|Any CPU
		{101C4DF7-B02A-4E29-AE02-A5C0E4B542C0}.Debug|Any CPU.Build.0 = Debug|Any CPU
		{101C4DF7-B02A-4E29-AE02-A5C0E4B542C0}.Debug|x64.ActiveCfg = Debug|Any CPU
		{101C4DF7-B02A-4E29-AE02-A5C0E4B542C0}.Debug|x64.Build.0 = Debug|Any CPU
		{101C4DF7-B02A-4E29-AE02-A5C0E4B542C0}.Debug|x86.ActiveCfg = Debug|Any CPU
		{101C4DF7-B02A-4E29-AE02-A5C0E4B542C0}.Debug|x86.Build.0 = Debug|Any CPU
		{101C4DF7-B02A-4E29-AE02-A5C0E4B542C0}.Release|Any CPU.ActiveCfg = Release|Any CPU
		{101C4DF7-B02A-4E29-AE02-A5C0E4B542C0}.Release|Any CPU.Build.0 = Release|Any CPU
		{101C4DF7-B02A-4E29-AE02-A5C0E4B542C0}.Release|x64.ActiveCfg = Release|Any CPU
		{101C4DF7-B02A-4E29-AE02-A5C0E4B542C0}.Release|x64.Build.0 = Release|Any CPU
		{101C4DF7-B02A-4E29-AE02-A5C0E4B542C0}.Release|x86.ActiveCfg = Release|Any CPU
		{101C4DF7-B02A-4E29-AE02-A5C0E4B542C0}.Release|x86.Build.0 = Release|Any CPU
		{AF59CBDF-F8F8-4912-81C7-423F655FCC52}.Debug|Any CPU.ActiveCfg = Debug|Any CPU
		{AF59CBDF-F8F8-4912-81C7-423F655FCC52}.Debug|Any CPU.Build.0 = Debug|Any CPU
		{AF59CBDF-F8F8-4912-81C7-423F655FCC52}.Debug|x64.ActiveCfg = Debug|Any CPU
		{AF59CBDF-F8F8-4912-81C7-423F655FCC52}.Debug|x64.Build.0 = Debug|Any CPU
		{AF59CBDF-F8F8-4912-81C7-423F655FCC52}.Debug|x86.ActiveCfg = Debug|Any CPU
		{AF59CBDF-F8F8-4912-81C7-423F655FCC52}.Debug|x86.Build.0 = Debug|Any CPU
		{AF59CBDF-F8F8-4912-81C7-423F655FCC52}.Release|Any CPU.ActiveCfg = Release|Any CPU
		{AF59CBDF-F8F8-4912-81C7-423F655FCC52}.Release|Any CPU.Build.0 = Release|Any CPU
		{AF59CBDF-F8F8-4912-81C7-423F655FCC52}.Release|x64.ActiveCfg = Release|Any CPU
		{AF59CBDF-F8F8-4912-81C7-423F655FCC52}.Release|x64.Build.0 = Release|Any CPU
		{AF59CBDF-F8F8-4912-81C7-423F655FCC52}.Release|x86.ActiveCfg = Release|Any CPU
		{AF59CBDF-F8F8-4912-81C7-423F655FCC52}.Release|x86.Build.0 = Release|Any CPU
		{10A8E0EF-2676-4686-A3A1-38F95B84ADB2}.Debug|Any CPU.ActiveCfg = Debug|Any CPU
		{10A8E0EF-2676-4686-A3A1-38F95B84ADB2}.Debug|Any CPU.Build.0 = Debug|Any CPU
		{10A8E0EF-2676-4686-A3A1-38F95B84ADB2}.Debug|x64.ActiveCfg = Debug|Any CPU
		{10A8E0EF-2676-4686-A3A1-38F95B84ADB2}.Debug|x64.Build.0 = Debug|Any CPU
		{10A8E0EF-2676-4686-A3A1-38F95B84ADB2}.Debug|x86.ActiveCfg = Debug|Any CPU
		{10A8E0EF-2676-4686-A3A1-38F95B84ADB2}.Debug|x86.Build.0 = Debug|Any CPU
		{10A8E0EF-2676-4686-A3A1-38F95B84ADB2}.Release|Any CPU.ActiveCfg = Release|Any CPU
		{10A8E0EF-2676-4686-A3A1-38F95B84ADB2}.Release|Any CPU.Build.0 = Release|Any CPU
		{10A8E0EF-2676-4686-A3A1-38F95B84ADB2}.Release|x64.ActiveCfg = Release|Any CPU
		{10A8E0EF-2676-4686-A3A1-38F95B84ADB2}.Release|x64.Build.0 = Release|Any CPU
		{10A8E0EF-2676-4686-A3A1-38F95B84ADB2}.Release|x86.ActiveCfg = Release|Any CPU
		{10A8E0EF-2676-4686-A3A1-38F95B84ADB2}.Release|x86.Build.0 = Release|Any CPU
		{DE70D432-3309-4719-9C0F-A447B2CAC134}.Debug|Any CPU.ActiveCfg = Debug|Any CPU
		{DE70D432-3309-4719-9C0F-A447B2CAC134}.Debug|Any CPU.Build.0 = Debug|Any CPU
		{DE70D432-3309-4719-9C0F-A447B2CAC134}.Debug|x64.ActiveCfg = Debug|Any CPU
		{DE70D432-3309-4719-9C0F-A447B2CAC134}.Debug|x64.Build.0 = Debug|Any CPU
		{DE70D432-3309-4719-9C0F-A447B2CAC134}.Debug|x86.ActiveCfg = Debug|Any CPU
		{DE70D432-3309-4719-9C0F-A447B2CAC134}.Debug|x86.Build.0 = Debug|Any CPU
		{DE70D432-3309-4719-9C0F-A447B2CAC134}.Release|Any CPU.ActiveCfg = Release|Any CPU
		{DE70D432-3309-4719-9C0F-A447B2CAC134}.Release|Any CPU.Build.0 = Release|Any CPU
		{DE70D432-3309-4719-9C0F-A447B2CAC134}.Release|x64.ActiveCfg = Release|Any CPU
		{DE70D432-3309-4719-9C0F-A447B2CAC134}.Release|x64.Build.0 = Release|Any CPU
		{DE70D432-3309-4719-9C0F-A447B2CAC134}.Release|x86.ActiveCfg = Release|Any CPU
		{DE70D432-3309-4719-9C0F-A447B2CAC134}.Release|x86.Build.0 = Release|Any CPU
		{AF50B13B-0A0D-417E-8BA3-90B7AE88A319}.Debug|Any CPU.ActiveCfg = Debug|Any CPU
		{AF50B13B-0A0D-417E-8BA3-90B7AE88A319}.Debug|Any CPU.Build.0 = Debug|Any CPU
		{AF50B13B-0A0D-417E-8BA3-90B7AE88A319}.Debug|x64.ActiveCfg = Debug|Any CPU
		{AF50B13B-0A0D-417E-8BA3-90B7AE88A319}.Debug|x64.Build.0 = Debug|Any CPU
		{AF50B13B-0A0D-417E-8BA3-90B7AE88A319}.Debug|x86.ActiveCfg = Debug|Any CPU
		{AF50B13B-0A0D-417E-8BA3-90B7AE88A319}.Debug|x86.Build.0 = Debug|Any CPU
		{AF50B13B-0A0D-417E-8BA3-90B7AE88A319}.Release|Any CPU.ActiveCfg = Release|Any CPU
		{AF50B13B-0A0D-417E-8BA3-90B7AE88A319}.Release|Any CPU.Build.0 = Release|Any CPU
		{AF50B13B-0A0D-417E-8BA3-90B7AE88A319}.Release|x64.ActiveCfg = Release|Any CPU
		{AF50B13B-0A0D-417E-8BA3-90B7AE88A319}.Release|x64.Build.0 = Release|Any CPU
		{AF50B13B-0A0D-417E-8BA3-90B7AE88A319}.Release|x86.ActiveCfg = Release|Any CPU
		{AF50B13B-0A0D-417E-8BA3-90B7AE88A319}.Release|x86.Build.0 = Release|Any CPU
		{3C1E614F-64F0-4555-9565-27811F4BF672}.Debug|Any CPU.ActiveCfg = Debug|Any CPU
		{3C1E614F-64F0-4555-9565-27811F4BF672}.Debug|Any CPU.Build.0 = Debug|Any CPU
		{3C1E614F-64F0-4555-9565-27811F4BF672}.Debug|x64.ActiveCfg = Debug|Any CPU
		{3C1E614F-64F0-4555-9565-27811F4BF672}.Debug|x64.Build.0 = Debug|Any CPU
		{3C1E614F-64F0-4555-9565-27811F4BF672}.Debug|x86.ActiveCfg = Debug|Any CPU
		{3C1E614F-64F0-4555-9565-27811F4BF672}.Debug|x86.Build.0 = Debug|Any CPU
		{3C1E614F-64F0-4555-9565-27811F4BF672}.Release|Any CPU.ActiveCfg = Release|Any CPU
		{3C1E614F-64F0-4555-9565-27811F4BF672}.Release|Any CPU.Build.0 = Release|Any CPU
		{3C1E614F-64F0-4555-9565-27811F4BF672}.Release|x64.ActiveCfg = Release|Any CPU
		{3C1E614F-64F0-4555-9565-27811F4BF672}.Release|x64.Build.0 = Release|Any CPU
		{3C1E614F-64F0-4555-9565-27811F4BF672}.Release|x86.ActiveCfg = Release|Any CPU
		{3C1E614F-64F0-4555-9565-27811F4BF672}.Release|x86.Build.0 = Release|Any CPU
		{68EFD010-3139-49C7-8E44-A12882924222}.Debug|Any CPU.ActiveCfg = Debug|Any CPU
		{68EFD010-3139-49C7-8E44-A12882924222}.Debug|Any CPU.Build.0 = Debug|Any CPU
		{68EFD010-3139-49C7-8E44-A12882924222}.Debug|x64.ActiveCfg = Debug|Any CPU
		{68EFD010-3139-49C7-8E44-A12882924222}.Debug|x64.Build.0 = Debug|Any CPU
		{68EFD010-3139-49C7-8E44-A12882924222}.Debug|x86.ActiveCfg = Debug|Any CPU
		{68EFD010-3139-49C7-8E44-A12882924222}.Debug|x86.Build.0 = Debug|Any CPU
		{68EFD010-3139-49C7-8E44-A12882924222}.Release|Any CPU.ActiveCfg = Release|Any CPU
		{68EFD010-3139-49C7-8E44-A12882924222}.Release|Any CPU.Build.0 = Release|Any CPU
		{68EFD010-3139-49C7-8E44-A12882924222}.Release|x64.ActiveCfg = Release|Any CPU
		{68EFD010-3139-49C7-8E44-A12882924222}.Release|x64.Build.0 = Release|Any CPU
		{68EFD010-3139-49C7-8E44-A12882924222}.Release|x86.ActiveCfg = Release|Any CPU
		{68EFD010-3139-49C7-8E44-A12882924222}.Release|x86.Build.0 = Release|Any CPU
		{8F073FAF-43E1-42E0-AA3A-6972A80B9C9F}.Debug|Any CPU.ActiveCfg = Debug|Any CPU
		{8F073FAF-43E1-42E0-AA3A-6972A80B9C9F}.Debug|Any CPU.Build.0 = Debug|Any CPU
		{8F073FAF-43E1-42E0-AA3A-6972A80B9C9F}.Debug|x64.ActiveCfg = Debug|Any CPU
		{8F073FAF-43E1-42E0-AA3A-6972A80B9C9F}.Debug|x64.Build.0 = Debug|Any CPU
		{8F073FAF-43E1-42E0-AA3A-6972A80B9C9F}.Debug|x86.ActiveCfg = Debug|Any CPU
		{8F073FAF-43E1-42E0-AA3A-6972A80B9C9F}.Debug|x86.Build.0 = Debug|Any CPU
		{8F073FAF-43E1-42E0-AA3A-6972A80B9C9F}.Release|Any CPU.ActiveCfg = Release|Any CPU
		{8F073FAF-43E1-42E0-AA3A-6972A80B9C9F}.Release|Any CPU.Build.0 = Release|Any CPU
		{8F073FAF-43E1-42E0-AA3A-6972A80B9C9F}.Release|x64.ActiveCfg = Release|Any CPU
		{8F073FAF-43E1-42E0-AA3A-6972A80B9C9F}.Release|x64.Build.0 = Release|Any CPU
		{8F073FAF-43E1-42E0-AA3A-6972A80B9C9F}.Release|x86.ActiveCfg = Release|Any CPU
		{8F073FAF-43E1-42E0-AA3A-6972A80B9C9F}.Release|x86.Build.0 = Release|Any CPU
		{890A26FC-ADC9-4BF5-B594-9331893A0FDD}.Debug|Any CPU.ActiveCfg = Debug|Any CPU
		{890A26FC-ADC9-4BF5-B594-9331893A0FDD}.Debug|Any CPU.Build.0 = Debug|Any CPU
		{890A26FC-ADC9-4BF5-B594-9331893A0FDD}.Debug|x64.ActiveCfg = Debug|Any CPU
		{890A26FC-ADC9-4BF5-B594-9331893A0FDD}.Debug|x64.Build.0 = Debug|Any CPU
		{890A26FC-ADC9-4BF5-B594-9331893A0FDD}.Debug|x86.ActiveCfg = Debug|Any CPU
		{890A26FC-ADC9-4BF5-B594-9331893A0FDD}.Debug|x86.Build.0 = Debug|Any CPU
		{890A26FC-ADC9-4BF5-B594-9331893A0FDD}.Release|Any CPU.ActiveCfg = Release|Any CPU
		{890A26FC-ADC9-4BF5-B594-9331893A0FDD}.Release|Any CPU.Build.0 = Release|Any CPU
		{890A26FC-ADC9-4BF5-B594-9331893A0FDD}.Release|x64.ActiveCfg = Release|Any CPU
		{890A26FC-ADC9-4BF5-B594-9331893A0FDD}.Release|x64.Build.0 = Release|Any CPU
		{890A26FC-ADC9-4BF5-B594-9331893A0FDD}.Release|x86.ActiveCfg = Release|Any CPU
		{890A26FC-ADC9-4BF5-B594-9331893A0FDD}.Release|x86.Build.0 = Release|Any CPU
		{0BA4615A-43E0-49FF-83B3-87CF926EC15D}.Debug|Any CPU.ActiveCfg = Debug|Any CPU
		{0BA4615A-43E0-49FF-83B3-87CF926EC15D}.Debug|Any CPU.Build.0 = Debug|Any CPU
		{0BA4615A-43E0-49FF-83B3-87CF926EC15D}.Debug|x64.ActiveCfg = Debug|Any CPU
		{0BA4615A-43E0-49FF-83B3-87CF926EC15D}.Debug|x64.Build.0 = Debug|Any CPU
		{0BA4615A-43E0-49FF-83B3-87CF926EC15D}.Debug|x86.ActiveCfg = Debug|Any CPU
		{0BA4615A-43E0-49FF-83B3-87CF926EC15D}.Debug|x86.Build.0 = Debug|Any CPU
		{0BA4615A-43E0-49FF-83B3-87CF926EC15D}.Release|Any CPU.ActiveCfg = Release|Any CPU
		{0BA4615A-43E0-49FF-83B3-87CF926EC15D}.Release|Any CPU.Build.0 = Release|Any CPU
		{0BA4615A-43E0-49FF-83B3-87CF926EC15D}.Release|x64.ActiveCfg = Release|Any CPU
		{0BA4615A-43E0-49FF-83B3-87CF926EC15D}.Release|x64.Build.0 = Release|Any CPU
		{0BA4615A-43E0-49FF-83B3-87CF926EC15D}.Release|x86.ActiveCfg = Release|Any CPU
		{0BA4615A-43E0-49FF-83B3-87CF926EC15D}.Release|x86.Build.0 = Release|Any CPU
		{DC51D98F-D9E8-405C-B233-B71B7FE17128}.Debug|Any CPU.ActiveCfg = Debug|Any CPU
		{DC51D98F-D9E8-405C-B233-B71B7FE17128}.Debug|Any CPU.Build.0 = Debug|Any CPU
		{DC51D98F-D9E8-405C-B233-B71B7FE17128}.Debug|x64.ActiveCfg = Debug|Any CPU
		{DC51D98F-D9E8-405C-B233-B71B7FE17128}.Debug|x64.Build.0 = Debug|Any CPU
		{DC51D98F-D9E8-405C-B233-B71B7FE17128}.Debug|x86.ActiveCfg = Debug|Any CPU
		{DC51D98F-D9E8-405C-B233-B71B7FE17128}.Debug|x86.Build.0 = Debug|Any CPU
		{DC51D98F-D9E8-405C-B233-B71B7FE17128}.Release|Any CPU.ActiveCfg = Release|Any CPU
		{DC51D98F-D9E8-405C-B233-B71B7FE17128}.Release|Any CPU.Build.0 = Release|Any CPU
		{DC51D98F-D9E8-405C-B233-B71B7FE17128}.Release|x64.ActiveCfg = Release|Any CPU
		{DC51D98F-D9E8-405C-B233-B71B7FE17128}.Release|x64.Build.0 = Release|Any CPU
		{DC51D98F-D9E8-405C-B233-B71B7FE17128}.Release|x86.ActiveCfg = Release|Any CPU
		{DC51D98F-D9E8-405C-B233-B71B7FE17128}.Release|x86.Build.0 = Release|Any CPU
		{E8EB536E-A9F3-4675-A2D0-0482AC801D2B}.Debug|Any CPU.ActiveCfg = Debug|Any CPU
		{E8EB536E-A9F3-4675-A2D0-0482AC801D2B}.Debug|Any CPU.Build.0 = Debug|Any CPU
		{E8EB536E-A9F3-4675-A2D0-0482AC801D2B}.Debug|x64.ActiveCfg = Debug|Any CPU
		{E8EB536E-A9F3-4675-A2D0-0482AC801D2B}.Debug|x64.Build.0 = Debug|Any CPU
		{E8EB536E-A9F3-4675-A2D0-0482AC801D2B}.Debug|x86.ActiveCfg = Debug|Any CPU
		{E8EB536E-A9F3-4675-A2D0-0482AC801D2B}.Debug|x86.Build.0 = Debug|Any CPU
		{E8EB536E-A9F3-4675-A2D0-0482AC801D2B}.Release|Any CPU.ActiveCfg = Release|Any CPU
		{E8EB536E-A9F3-4675-A2D0-0482AC801D2B}.Release|Any CPU.Build.0 = Release|Any CPU
		{E8EB536E-A9F3-4675-A2D0-0482AC801D2B}.Release|x64.ActiveCfg = Release|Any CPU
		{E8EB536E-A9F3-4675-A2D0-0482AC801D2B}.Release|x64.Build.0 = Release|Any CPU
		{E8EB536E-A9F3-4675-A2D0-0482AC801D2B}.Release|x86.ActiveCfg = Release|Any CPU
		{E8EB536E-A9F3-4675-A2D0-0482AC801D2B}.Release|x86.Build.0 = Release|Any CPU
		{AB6A0351-2A1A-4068-B566-2C2552AF61BB}.Debug|Any CPU.ActiveCfg = Debug|Any CPU
		{AB6A0351-2A1A-4068-B566-2C2552AF61BB}.Debug|Any CPU.Build.0 = Debug|Any CPU
		{AB6A0351-2A1A-4068-B566-2C2552AF61BB}.Debug|x64.ActiveCfg = Debug|Any CPU
		{AB6A0351-2A1A-4068-B566-2C2552AF61BB}.Debug|x64.Build.0 = Debug|Any CPU
		{AB6A0351-2A1A-4068-B566-2C2552AF61BB}.Debug|x86.ActiveCfg = Debug|Any CPU
		{AB6A0351-2A1A-4068-B566-2C2552AF61BB}.Debug|x86.Build.0 = Debug|Any CPU
		{AB6A0351-2A1A-4068-B566-2C2552AF61BB}.Release|Any CPU.ActiveCfg = Release|Any CPU
		{AB6A0351-2A1A-4068-B566-2C2552AF61BB}.Release|Any CPU.Build.0 = Release|Any CPU
		{AB6A0351-2A1A-4068-B566-2C2552AF61BB}.Release|x64.ActiveCfg = Release|Any CPU
		{AB6A0351-2A1A-4068-B566-2C2552AF61BB}.Release|x64.Build.0 = Release|Any CPU
		{AB6A0351-2A1A-4068-B566-2C2552AF61BB}.Release|x86.ActiveCfg = Release|Any CPU
		{AB6A0351-2A1A-4068-B566-2C2552AF61BB}.Release|x86.Build.0 = Release|Any CPU
		{6FE60513-416B-429B-A669-3E940FEC80DC}.Debug|Any CPU.ActiveCfg = Debug|Any CPU
		{6FE60513-416B-429B-A669-3E940FEC80DC}.Debug|Any CPU.Build.0 = Debug|Any CPU
		{6FE60513-416B-429B-A669-3E940FEC80DC}.Debug|x64.ActiveCfg = Debug|Any CPU
		{6FE60513-416B-429B-A669-3E940FEC80DC}.Debug|x64.Build.0 = Debug|Any CPU
		{6FE60513-416B-429B-A669-3E940FEC80DC}.Debug|x86.ActiveCfg = Debug|Any CPU
		{6FE60513-416B-429B-A669-3E940FEC80DC}.Debug|x86.Build.0 = Debug|Any CPU
		{6FE60513-416B-429B-A669-3E940FEC80DC}.Release|Any CPU.ActiveCfg = Release|Any CPU
		{6FE60513-416B-429B-A669-3E940FEC80DC}.Release|Any CPU.Build.0 = Release|Any CPU
		{6FE60513-416B-429B-A669-3E940FEC80DC}.Release|x64.ActiveCfg = Release|Any CPU
		{6FE60513-416B-429B-A669-3E940FEC80DC}.Release|x64.Build.0 = Release|Any CPU
		{6FE60513-416B-429B-A669-3E940FEC80DC}.Release|x86.ActiveCfg = Release|Any CPU
		{6FE60513-416B-429B-A669-3E940FEC80DC}.Release|x86.Build.0 = Release|Any CPU
		{1FBDA56C-7748-482C-B399-577E21BF41CB}.Debug|Any CPU.ActiveCfg = Debug|Any CPU
		{1FBDA56C-7748-482C-B399-577E21BF41CB}.Debug|Any CPU.Build.0 = Debug|Any CPU
		{1FBDA56C-7748-482C-B399-577E21BF41CB}.Debug|x64.ActiveCfg = Debug|Any CPU
		{1FBDA56C-7748-482C-B399-577E21BF41CB}.Debug|x64.Build.0 = Debug|Any CPU
		{1FBDA56C-7748-482C-B399-577E21BF41CB}.Debug|x86.ActiveCfg = Debug|Any CPU
		{1FBDA56C-7748-482C-B399-577E21BF41CB}.Debug|x86.Build.0 = Debug|Any CPU
		{1FBDA56C-7748-482C-B399-577E21BF41CB}.Release|Any CPU.ActiveCfg = Release|Any CPU
		{1FBDA56C-7748-482C-B399-577E21BF41CB}.Release|Any CPU.Build.0 = Release|Any CPU
		{1FBDA56C-7748-482C-B399-577E21BF41CB}.Release|x64.ActiveCfg = Release|Any CPU
		{1FBDA56C-7748-482C-B399-577E21BF41CB}.Release|x64.Build.0 = Release|Any CPU
		{1FBDA56C-7748-482C-B399-577E21BF41CB}.Release|x86.ActiveCfg = Release|Any CPU
		{1FBDA56C-7748-482C-B399-577E21BF41CB}.Release|x86.Build.0 = Release|Any CPU
		{A07105E6-CDED-4F13-BC8C-14F4EDABF686}.Debug|Any CPU.ActiveCfg = Debug|Any CPU
		{A07105E6-CDED-4F13-BC8C-14F4EDABF686}.Debug|Any CPU.Build.0 = Debug|Any CPU
		{A07105E6-CDED-4F13-BC8C-14F4EDABF686}.Debug|x64.ActiveCfg = Debug|Any CPU
		{A07105E6-CDED-4F13-BC8C-14F4EDABF686}.Debug|x64.Build.0 = Debug|Any CPU
		{A07105E6-CDED-4F13-BC8C-14F4EDABF686}.Debug|x86.ActiveCfg = Debug|Any CPU
		{A07105E6-CDED-4F13-BC8C-14F4EDABF686}.Debug|x86.Build.0 = Debug|Any CPU
		{A07105E6-CDED-4F13-BC8C-14F4EDABF686}.Release|Any CPU.ActiveCfg = Release|Any CPU
		{A07105E6-CDED-4F13-BC8C-14F4EDABF686}.Release|Any CPU.Build.0 = Release|Any CPU
		{A07105E6-CDED-4F13-BC8C-14F4EDABF686}.Release|x64.ActiveCfg = Release|Any CPU
		{A07105E6-CDED-4F13-BC8C-14F4EDABF686}.Release|x64.Build.0 = Release|Any CPU
		{A07105E6-CDED-4F13-BC8C-14F4EDABF686}.Release|x86.ActiveCfg = Release|Any CPU
		{A07105E6-CDED-4F13-BC8C-14F4EDABF686}.Release|x86.Build.0 = Release|Any CPU
		{A4E8E67A-34CF-4E82-B5E4-099BCF2DF9C2}.Debug|Any CPU.ActiveCfg = Debug|Any CPU
		{A4E8E67A-34CF-4E82-B5E4-099BCF2DF9C2}.Debug|Any CPU.Build.0 = Debug|Any CPU
		{A4E8E67A-34CF-4E82-B5E4-099BCF2DF9C2}.Debug|x64.ActiveCfg = Debug|Any CPU
		{A4E8E67A-34CF-4E82-B5E4-099BCF2DF9C2}.Debug|x64.Build.0 = Debug|Any CPU
		{A4E8E67A-34CF-4E82-B5E4-099BCF2DF9C2}.Debug|x86.ActiveCfg = Debug|Any CPU
		{A4E8E67A-34CF-4E82-B5E4-099BCF2DF9C2}.Debug|x86.Build.0 = Debug|Any CPU
		{A4E8E67A-34CF-4E82-B5E4-099BCF2DF9C2}.Release|Any CPU.ActiveCfg = Release|Any CPU
		{A4E8E67A-34CF-4E82-B5E4-099BCF2DF9C2}.Release|Any CPU.Build.0 = Release|Any CPU
		{A4E8E67A-34CF-4E82-B5E4-099BCF2DF9C2}.Release|x64.ActiveCfg = Release|Any CPU
		{A4E8E67A-34CF-4E82-B5E4-099BCF2DF9C2}.Release|x64.Build.0 = Release|Any CPU
		{A4E8E67A-34CF-4E82-B5E4-099BCF2DF9C2}.Release|x86.ActiveCfg = Release|Any CPU
		{A4E8E67A-34CF-4E82-B5E4-099BCF2DF9C2}.Release|x86.Build.0 = Release|Any CPU
		{53F63BDE-72BE-45E1-91E5-43F474DB1E44}.Debug|Any CPU.ActiveCfg = Debug|Any CPU
		{53F63BDE-72BE-45E1-91E5-43F474DB1E44}.Debug|Any CPU.Build.0 = Debug|Any CPU
		{53F63BDE-72BE-45E1-91E5-43F474DB1E44}.Debug|x64.ActiveCfg = Debug|Any CPU
		{53F63BDE-72BE-45E1-91E5-43F474DB1E44}.Debug|x64.Build.0 = Debug|Any CPU
		{53F63BDE-72BE-45E1-91E5-43F474DB1E44}.Debug|x86.ActiveCfg = Debug|Any CPU
		{53F63BDE-72BE-45E1-91E5-43F474DB1E44}.Debug|x86.Build.0 = Debug|Any CPU
		{53F63BDE-72BE-45E1-91E5-43F474DB1E44}.Release|Any CPU.ActiveCfg = Release|Any CPU
		{53F63BDE-72BE-45E1-91E5-43F474DB1E44}.Release|Any CPU.Build.0 = Release|Any CPU
		{53F63BDE-72BE-45E1-91E5-43F474DB1E44}.Release|x64.ActiveCfg = Release|Any CPU
		{53F63BDE-72BE-45E1-91E5-43F474DB1E44}.Release|x64.Build.0 = Release|Any CPU
		{53F63BDE-72BE-45E1-91E5-43F474DB1E44}.Release|x86.ActiveCfg = Release|Any CPU
		{53F63BDE-72BE-45E1-91E5-43F474DB1E44}.Release|x86.Build.0 = Release|Any CPU
		{9DD11DD2-4FC9-44FD-905D-B454FA68E1C8}.Debug|Any CPU.ActiveCfg = Debug|Any CPU
		{9DD11DD2-4FC9-44FD-905D-B454FA68E1C8}.Debug|Any CPU.Build.0 = Debug|Any CPU
		{9DD11DD2-4FC9-44FD-905D-B454FA68E1C8}.Debug|x64.ActiveCfg = Debug|Any CPU
		{9DD11DD2-4FC9-44FD-905D-B454FA68E1C8}.Debug|x64.Build.0 = Debug|Any CPU
		{9DD11DD2-4FC9-44FD-905D-B454FA68E1C8}.Debug|x86.ActiveCfg = Debug|Any CPU
		{9DD11DD2-4FC9-44FD-905D-B454FA68E1C8}.Debug|x86.Build.0 = Debug|Any CPU
		{9DD11DD2-4FC9-44FD-905D-B454FA68E1C8}.Release|Any CPU.ActiveCfg = Release|Any CPU
		{9DD11DD2-4FC9-44FD-905D-B454FA68E1C8}.Release|Any CPU.Build.0 = Release|Any CPU
		{9DD11DD2-4FC9-44FD-905D-B454FA68E1C8}.Release|x64.ActiveCfg = Release|Any CPU
		{9DD11DD2-4FC9-44FD-905D-B454FA68E1C8}.Release|x64.Build.0 = Release|Any CPU
		{9DD11DD2-4FC9-44FD-905D-B454FA68E1C8}.Release|x86.ActiveCfg = Release|Any CPU
		{9DD11DD2-4FC9-44FD-905D-B454FA68E1C8}.Release|x86.Build.0 = Release|Any CPU
		{2802FD88-25E6-4A5E-BF55-911C8BF1A068}.Debug|Any CPU.ActiveCfg = Debug|Any CPU
		{2802FD88-25E6-4A5E-BF55-911C8BF1A068}.Debug|Any CPU.Build.0 = Debug|Any CPU
		{2802FD88-25E6-4A5E-BF55-911C8BF1A068}.Debug|x64.ActiveCfg = Debug|Any CPU
		{2802FD88-25E6-4A5E-BF55-911C8BF1A068}.Debug|x64.Build.0 = Debug|Any CPU
		{2802FD88-25E6-4A5E-BF55-911C8BF1A068}.Debug|x86.ActiveCfg = Debug|Any CPU
		{2802FD88-25E6-4A5E-BF55-911C8BF1A068}.Debug|x86.Build.0 = Debug|Any CPU
		{2802FD88-25E6-4A5E-BF55-911C8BF1A068}.Release|Any CPU.ActiveCfg = Release|Any CPU
		{2802FD88-25E6-4A5E-BF55-911C8BF1A068}.Release|Any CPU.Build.0 = Release|Any CPU
		{2802FD88-25E6-4A5E-BF55-911C8BF1A068}.Release|x64.ActiveCfg = Release|Any CPU
		{2802FD88-25E6-4A5E-BF55-911C8BF1A068}.Release|x64.Build.0 = Release|Any CPU
		{2802FD88-25E6-4A5E-BF55-911C8BF1A068}.Release|x86.ActiveCfg = Release|Any CPU
		{2802FD88-25E6-4A5E-BF55-911C8BF1A068}.Release|x86.Build.0 = Release|Any CPU
		{B796B880-D11B-4EAB-B6BF-BC6EC7A7F8E4}.Debug|Any CPU.ActiveCfg = Debug|Any CPU
		{B796B880-D11B-4EAB-B6BF-BC6EC7A7F8E4}.Debug|Any CPU.Build.0 = Debug|Any CPU
		{B796B880-D11B-4EAB-B6BF-BC6EC7A7F8E4}.Debug|x64.ActiveCfg = Debug|Any CPU
		{B796B880-D11B-4EAB-B6BF-BC6EC7A7F8E4}.Debug|x64.Build.0 = Debug|Any CPU
		{B796B880-D11B-4EAB-B6BF-BC6EC7A7F8E4}.Debug|x86.ActiveCfg = Debug|Any CPU
		{B796B880-D11B-4EAB-B6BF-BC6EC7A7F8E4}.Debug|x86.Build.0 = Debug|Any CPU
		{B796B880-D11B-4EAB-B6BF-BC6EC7A7F8E4}.Release|Any CPU.ActiveCfg = Release|Any CPU
		{B796B880-D11B-4EAB-B6BF-BC6EC7A7F8E4}.Release|Any CPU.Build.0 = Release|Any CPU
		{B796B880-D11B-4EAB-B6BF-BC6EC7A7F8E4}.Release|x64.ActiveCfg = Release|Any CPU
		{B796B880-D11B-4EAB-B6BF-BC6EC7A7F8E4}.Release|x64.Build.0 = Release|Any CPU
		{B796B880-D11B-4EAB-B6BF-BC6EC7A7F8E4}.Release|x86.ActiveCfg = Release|Any CPU
		{B796B880-D11B-4EAB-B6BF-BC6EC7A7F8E4}.Release|x86.Build.0 = Release|Any CPU
		{CA444684-F43E-4844-A157-79FDA30F370B}.Debug|Any CPU.ActiveCfg = Debug|Any CPU
		{CA444684-F43E-4844-A157-79FDA30F370B}.Debug|Any CPU.Build.0 = Debug|Any CPU
		{CA444684-F43E-4844-A157-79FDA30F370B}.Debug|x64.ActiveCfg = Debug|Any CPU
		{CA444684-F43E-4844-A157-79FDA30F370B}.Debug|x64.Build.0 = Debug|Any CPU
		{CA444684-F43E-4844-A157-79FDA30F370B}.Debug|x86.ActiveCfg = Debug|Any CPU
		{CA444684-F43E-4844-A157-79FDA30F370B}.Debug|x86.Build.0 = Debug|Any CPU
		{CA444684-F43E-4844-A157-79FDA30F370B}.Release|Any CPU.ActiveCfg = Release|Any CPU
		{CA444684-F43E-4844-A157-79FDA30F370B}.Release|Any CPU.Build.0 = Release|Any CPU
		{CA444684-F43E-4844-A157-79FDA30F370B}.Release|x64.ActiveCfg = Release|Any CPU
		{CA444684-F43E-4844-A157-79FDA30F370B}.Release|x64.Build.0 = Release|Any CPU
		{CA444684-F43E-4844-A157-79FDA30F370B}.Release|x86.ActiveCfg = Release|Any CPU
		{CA444684-F43E-4844-A157-79FDA30F370B}.Release|x86.Build.0 = Release|Any CPU
		{DFDE1FE4-99EC-4219-AF89-A887A3E80313}.Debug|Any CPU.ActiveCfg = Debug|Any CPU
		{DFDE1FE4-99EC-4219-AF89-A887A3E80313}.Debug|Any CPU.Build.0 = Debug|Any CPU
		{DFDE1FE4-99EC-4219-AF89-A887A3E80313}.Debug|x64.ActiveCfg = Debug|Any CPU
		{DFDE1FE4-99EC-4219-AF89-A887A3E80313}.Debug|x64.Build.0 = Debug|Any CPU
		{DFDE1FE4-99EC-4219-AF89-A887A3E80313}.Debug|x86.ActiveCfg = Debug|Any CPU
		{DFDE1FE4-99EC-4219-AF89-A887A3E80313}.Debug|x86.Build.0 = Debug|Any CPU
		{DFDE1FE4-99EC-4219-AF89-A887A3E80313}.Release|Any CPU.ActiveCfg = Release|Any CPU
		{DFDE1FE4-99EC-4219-AF89-A887A3E80313}.Release|Any CPU.Build.0 = Release|Any CPU
		{DFDE1FE4-99EC-4219-AF89-A887A3E80313}.Release|x64.ActiveCfg = Release|Any CPU
		{DFDE1FE4-99EC-4219-AF89-A887A3E80313}.Release|x64.Build.0 = Release|Any CPU
		{DFDE1FE4-99EC-4219-AF89-A887A3E80313}.Release|x86.ActiveCfg = Release|Any CPU
		{DFDE1FE4-99EC-4219-AF89-A887A3E80313}.Release|x86.Build.0 = Release|Any CPU
	EndGlobalSection
	GlobalSection(SolutionProperties) = preSolution
		HideSolutionNode = FALSE
	EndGlobalSection
	GlobalSection(NestedProjects) = preSolution
		{0B154D9D-0A33-4446-B6C9-DC9D64C39B16} = {02EA681E-C7D8-13C7-8484-4AC65E1B71E8}
		{3B332C82-7024-4D43-8263-A3C53F639F47} = {02EA681E-C7D8-13C7-8484-4AC65E1B71E8}
		{55FECB0F-82B7-4D59-845F-EDEF68BAA8A6} = {02EA681E-C7D8-13C7-8484-4AC65E1B71E8}
		{59E05E5B-466C-45E3-A6D0-F00890D660B5} = {D60A68F1-98AF-4E46-BE20-CD4AD30A3526}
		{101C4DF7-B02A-4E29-AE02-A5C0E4B542C0} = {D60A68F1-98AF-4E46-BE20-CD4AD30A3526}
		{AF59CBDF-F8F8-4912-81C7-423F655FCC52} = {D60A68F1-98AF-4E46-BE20-CD4AD30A3526}
		{10A8E0EF-2676-4686-A3A1-38F95B84ADB2} = {D60A68F1-98AF-4E46-BE20-CD4AD30A3526}
		{DE70D432-3309-4719-9C0F-A447B2CAC134} = {983068BC-B50F-4D64-AD6C-5CF31770DEDB}
		{AF50B13B-0A0D-417E-8BA3-90B7AE88A319} = {983068BC-B50F-4D64-AD6C-5CF31770DEDB}
		{3C1E614F-64F0-4555-9565-27811F4BF672} = {983068BC-B50F-4D64-AD6C-5CF31770DEDB}
		{68EFD010-3139-49C7-8E44-A12882924222} = {F3DA3612-C897-4730-956D-44606B5B3019}
		{8F073FAF-43E1-42E0-AA3A-6972A80B9C9F} = {F3DA3612-C897-4730-956D-44606B5B3019}
		{890A26FC-ADC9-4BF5-B594-9331893A0FDD} = {F3DA3612-C897-4730-956D-44606B5B3019}
		{0BA4615A-43E0-49FF-83B3-87CF926EC15D} = {F3DA3612-C897-4730-956D-44606B5B3019}
		{DC51D98F-D9E8-405C-B233-B71B7FE17128} = {F3DA3612-C897-4730-956D-44606B5B3019}
		{E8EB536E-A9F3-4675-A2D0-0482AC801D2B} = {D60A68F1-98AF-4E46-BE20-CD4AD30A3526}
		{AB6A0351-2A1A-4068-B566-2C2552AF61BB} = {D60A68F1-98AF-4E46-BE20-CD4AD30A3526}
		{6FE60513-416B-429B-A669-3E940FEC80DC} = {983068BC-B50F-4D64-AD6C-5CF31770DEDB}
		{1FBDA56C-7748-482C-B399-577E21BF41CB} = {983068BC-B50F-4D64-AD6C-5CF31770DEDB}
		{A07105E6-CDED-4F13-BC8C-14F4EDABF686} = {7BB729FC-AE91-4AB7-9AD8-3D8D33F449A5}
		{A4E8E67A-34CF-4E82-B5E4-099BCF2DF9C2} = {983068BC-B50F-4D64-AD6C-5CF31770DEDB}
		{53F63BDE-72BE-45E1-91E5-43F474DB1E44} = {FABE676F-44EA-4378-BA47-6DD6166BF24B}
		{9DD11DD2-4FC9-44FD-905D-B454FA68E1C8} = {FABE676F-44EA-4378-BA47-6DD6166BF24B}
		{2802FD88-25E6-4A5E-BF55-911C8BF1A068} = {FABE676F-44EA-4378-BA47-6DD6166BF24B}
		{B796B880-D11B-4EAB-B6BF-BC6EC7A7F8E4} = {674797FE-5270-731E-8410-92FABA3936FE}
		{CA444684-F43E-4844-A157-79FDA30F370B} = {674797FE-5270-731E-8410-92FABA3936FE}
		{DFDE1FE4-99EC-4219-AF89-A887A3E80313} = {55A39812-F82E-46CD-BA14-02789B5F1EC0}
	EndGlobalSection
	GlobalSection(ExtensibilityGlobals) = postSolution
		SolutionGuid = {3564D6A6-C183-4B6D-89C7-596F1C95733F}
	EndGlobalSection
EndGlobal
