
Microsoft Visual Studio Solution File, Format Version 12.00
# Visual Studio Version 17
VisualStudioVersion = 17.0.31903.59
MinimumVisualStudioVersion = 10.0.40219.1
Project("{FAE04EC0-301F-11D3-BF4B-00C04F79EFBC}") = "ExportPro.Core", "ExportPro.Core\ExportPro.Core.csproj", "{E1EDDB49-69CB-4AD6-ABEB-212AF4A2CEF2}"
EndProject
Global
	GlobalSection(SolutionConfigurationPlatforms) = preSolution
		Debug|Any CPU = Debug|Any CPU
		Release|Any CPU = Release|Any CPU
	EndGlobalSection
	GlobalSection(ProjectConfigurationPlatforms) = postSolution
		{E1EDDB49-69CB-4AD6-ABEB-212AF4A2CEF2}.Debug|Any CPU.ActiveCfg = Debug|Any CPU
		{E1EDDB49-69CB-4AD6-ABEB-212AF4A2CEF2}.Debug|Any CPU.Build.0 = Debug|Any CPU
		{E1EDDB49-69CB-4AD6-ABEB-212AF4A2CEF2}.Release|Any CPU.ActiveCfg = Release|Any CPU
		{E1EDDB49-69CB-4AD6-ABEB-212AF4A2CEF2}.Release|Any CPU.Build.0 = Release|Any CPU
	EndGlobalSection
	GlobalSection(SolutionProperties) = preSolution
		HideSolutionNode = FALSE
	EndGlobalSection
	GlobalSection(ExtensibilityGlobals) = postSolution
		SolutionGuid = {6877D1F6-0281-48C1-AD20-F0D01F4D223B}
	EndGlobalSection
EndGlobal
