
Microsoft Visual Studio Solution File, Format Version 12.00
# Visual Studio Version 17
VisualStudioVersion = 17.0.31903.59
MinimumVisualStudioVersion = 10.0.40219.1
Project("{FAE04EC0-301F-11D3-BF4B-00C04F79EFBC}") = "ExportPro.StorageService.Pdf", "ExportPro.StorageService.Pdf\ExportPro.StorageService.Pdf.csproj", "{17C87A9D-3A9B-4011-94D6-F13BA1539788}"
EndProject
Project("{FAE04EC0-301F-11D3-BF4B-00C04F79EFBC}") = "ExportPro.StorageService.Excel", "ExportPro.StorageService.Excel\ExportPro.StorageService.Excel.csproj", "{8F63A7F6-9379-4120-8E2E-C2947B36CF30}"
EndProject
Project("{FAE04EC0-301F-11D3-BF4B-00C04F79EFBC}") = "ExportPro.StorageService.Csv", "ExportPro.StorageService.Csv\ExportPro.StorageService.Csv.csproj", "{3918E6D3-7DEF-4A92-BFDD-E27694F8B3D4}"
EndProject
Project("{FAE04EC0-301F-11D3-BF4B-00C04F79EFBC}") = "ExportPro.StorageService.StorageHost", "ExportPro.StorageService.StorageHost\ExportPro.StorageService.StorageHost.csproj", "{C3784A6E-2C87-4547-A294-FF97B6AF66F3}"
EndProject
Global
	GlobalSection(SolutionConfigurationPlatforms) = preSolution
		Debug|Any CPU = Debug|Any CPU
		Debug|x64 = Debug|x64
		Debug|x86 = Debug|x86
		Release|Any CPU = Release|Any CPU
		Release|x64 = Release|x64
		Release|x86 = Release|x86
	EndGlobalSection
	GlobalSection(ProjectConfigurationPlatforms) = postSolution
		{17C87A9D-3A9B-4011-94D6-F13BA1539788}.Debug|Any CPU.ActiveCfg = Debug|Any CPU
		{17C87A9D-3A9B-4011-94D6-F13BA1539788}.Debug|Any CPU.Build.0 = Debug|Any CPU
		{17C87A9D-3A9B-4011-94D6-F13BA1539788}.Debug|x64.ActiveCfg = Debug|Any CPU
		{17C87A9D-3A9B-4011-94D6-F13BA1539788}.Debug|x64.Build.0 = Debug|Any CPU
		{17C87A9D-3A9B-4011-94D6-F13BA1539788}.Debug|x86.ActiveCfg = Debug|Any CPU
		{17C87A9D-3A9B-4011-94D6-F13BA1539788}.Debug|x86.Build.0 = Debug|Any CPU
		{17C87A9D-3A9B-4011-94D6-F13BA1539788}.Release|Any CPU.ActiveCfg = Release|Any CPU
		{17C87A9D-3A9B-4011-94D6-F13BA1539788}.Release|Any CPU.Build.0 = Release|Any CPU
		{17C87A9D-3A9B-4011-94D6-F13BA1539788}.Release|x64.ActiveCfg = Release|Any CPU
		{17C87A9D-3A9B-4011-94D6-F13BA1539788}.Release|x64.Build.0 = Release|Any CPU
		{17C87A9D-3A9B-4011-94D6-F13BA1539788}.Release|x86.ActiveCfg = Release|Any CPU
		{17C87A9D-3A9B-4011-94D6-F13BA1539788}.Release|x86.Build.0 = Release|Any CPU
		{8F63A7F6-9379-4120-8E2E-C2947B36CF30}.Debug|Any CPU.ActiveCfg = Debug|Any CPU
		{8F63A7F6-9379-4120-8E2E-C2947B36CF30}.Debug|Any CPU.Build.0 = Debug|Any CPU
		{8F63A7F6-9379-4120-8E2E-C2947B36CF30}.Debug|x64.ActiveCfg = Debug|Any CPU
		{8F63A7F6-9379-4120-8E2E-C2947B36CF30}.Debug|x64.Build.0 = Debug|Any CPU
		{8F63A7F6-9379-4120-8E2E-C2947B36CF30}.Debug|x86.ActiveCfg = Debug|Any CPU
		{8F63A7F6-9379-4120-8E2E-C2947B36CF30}.Debug|x86.Build.0 = Debug|Any CPU
		{8F63A7F6-9379-4120-8E2E-C2947B36CF30}.Release|Any CPU.ActiveCfg = Release|Any CPU
		{8F63A7F6-9379-4120-8E2E-C2947B36CF30}.Release|Any CPU.Build.0 = Release|Any CPU
		{8F63A7F6-9379-4120-8E2E-C2947B36CF30}.Release|x64.ActiveCfg = Release|Any CPU
		{8F63A7F6-9379-4120-8E2E-C2947B36CF30}.Release|x64.Build.0 = Release|Any CPU
		{8F63A7F6-9379-4120-8E2E-C2947B36CF30}.Release|x86.ActiveCfg = Release|Any CPU
		{8F63A7F6-9379-4120-8E2E-C2947B36CF30}.Release|x86.Build.0 = Release|Any CPU
		{3918E6D3-7DEF-4A92-BFDD-E27694F8B3D4}.Debug|Any CPU.ActiveCfg = Debug|Any CPU
		{3918E6D3-7DEF-4A92-BFDD-E27694F8B3D4}.Debug|Any CPU.Build.0 = Debug|Any CPU
		{3918E6D3-7DEF-4A92-BFDD-E27694F8B3D4}.Debug|x64.ActiveCfg = Debug|Any CPU
		{3918E6D3-7DEF-4A92-BFDD-E27694F8B3D4}.Debug|x64.Build.0 = Debug|Any CPU
		{3918E6D3-7DEF-4A92-BFDD-E27694F8B3D4}.Debug|x86.ActiveCfg = Debug|Any CPU
		{3918E6D3-7DEF-4A92-BFDD-E27694F8B3D4}.Debug|x86.Build.0 = Debug|Any CPU
		{3918E6D3-7DEF-4A92-BFDD-E27694F8B3D4}.Release|Any CPU.ActiveCfg = Release|Any CPU
		{3918E6D3-7DEF-4A92-BFDD-E27694F8B3D4}.Release|Any CPU.Build.0 = Release|Any CPU
		{3918E6D3-7DEF-4A92-BFDD-E27694F8B3D4}.Release|x64.ActiveCfg = Release|Any CPU
		{3918E6D3-7DEF-4A92-BFDD-E27694F8B3D4}.Release|x64.Build.0 = Release|Any CPU
		{3918E6D3-7DEF-4A92-BFDD-E27694F8B3D4}.Release|x86.ActiveCfg = Release|Any CPU
		{3918E6D3-7DEF-4A92-BFDD-E27694F8B3D4}.Release|x86.Build.0 = Release|Any CPU
		{C3784A6E-2C87-4547-A294-FF97B6AF66F3}.Debug|Any CPU.ActiveCfg = Debug|Any CPU
		{C3784A6E-2C87-4547-A294-FF97B6AF66F3}.Debug|Any CPU.Build.0 = Debug|Any CPU
		{C3784A6E-2C87-4547-A294-FF97B6AF66F3}.Debug|x64.ActiveCfg = Debug|Any CPU
		{C3784A6E-2C87-4547-A294-FF97B6AF66F3}.Debug|x64.Build.0 = Debug|Any CPU
		{C3784A6E-2C87-4547-A294-FF97B6AF66F3}.Debug|x86.ActiveCfg = Debug|Any CPU
		{C3784A6E-2C87-4547-A294-FF97B6AF66F3}.Debug|x86.Build.0 = Debug|Any CPU
		{C3784A6E-2C87-4547-A294-FF97B6AF66F3}.Release|Any CPU.ActiveCfg = Release|Any CPU
		{C3784A6E-2C87-4547-A294-FF97B6AF66F3}.Release|Any CPU.Build.0 = Release|Any CPU
		{C3784A6E-2C87-4547-A294-FF97B6AF66F3}.Release|x64.ActiveCfg = Release|Any CPU
		{C3784A6E-2C87-4547-A294-FF97B6AF66F3}.Release|x64.Build.0 = Release|Any CPU
		{C3784A6E-2C87-4547-A294-FF97B6AF66F3}.Release|x86.ActiveCfg = Release|Any CPU
		{C3784A6E-2C87-4547-A294-FF97B6AF66F3}.Release|x86.Build.0 = Release|Any CPU
	EndGlobalSection
	GlobalSection(SolutionProperties) = preSolution
		HideSolutionNode = FALSE
	EndGlobalSection
EndGlobal
