
Microsoft Visual Studio Solution File, Format Version 12.00
# Visual Studio Version 17
VisualStudioVersion = 17.0.31903.59
MinimumVisualStudioVersion = 10.0.40219.1
Project("{FAE04EC0-301F-11D3-BF4B-00C04F79EFBC}") = "ExportPro.StorageService.API", "ExportPro.StorageService.API\ExportPro.StorageService.API.csproj", "{E10449E0-CB9B-F557-9F42-A1195D1D32FB}"
EndProject
Project("{FAE04EC0-301F-11D3-BF4B-00C04F79EFBC}") = "ExportPro.StorageService.CQRS", "ExportPro.StorageService.CQRS\ExportPro.StorageService.CQRS.csproj", "{3F42EDE2-6ABC-B9E4-C73B-37E454803AB1}"
EndProject
Project("{FAE04EC0-301F-11D3-BF4B-00C04F79EFBC}") = "ExportPro.StorageService.SDK", "ExportPro.StorageService.SDK\ExportPro.StorageService.SDK.csproj", "{507A3A9D-1F0C-44DC-60A5-985D43651ECE}"
EndProject
Project("{FAE04EC0-301F-11D3-BF4B-00C04F79EFBC}") = "ExportPro.StorageService.DataAccess", "ExportPro.StorageService.DataAccess\ExportPro.StorageService.DataAccess.csproj", "{F4CB1CCF-2062-4D34-A14A-67D4B7B936EA}"
EndProject
Project("{FAE04EC0-301F-11D3-BF4B-00C04F79EFBC}") = "ExportPro.StorageService.Models", "ExportPro.StorageService.Models\ExportPro.StorageService.Models.csproj", "{E5049596-17F4-4AC6-9C95-FBA00423C32D}"
EndProject
Project("{FAE04EC0-301F-11D3-BF4B-00C04F79EFBC}") = "ExportPro.StorageService.Tests", "ExportPro.StorageService.Tests\ExportPro.StorageService.Tests.csproj", "{59BE5F22-4E87-42B2-BEB8-12226E5858B3}"
EndProject
Global
	GlobalSection(SolutionConfigurationPlatforms) = preSolution
		Debug|Any CPU = Debug|Any CPU
		Release|Any CPU = Release|Any CPU
	EndGlobalSection
	GlobalSection(ProjectConfigurationPlatforms) = postSolution
		{E10449E0-CB9B-F557-9F42-A1195D1D32FB}.Debug|Any CPU.ActiveCfg = Debug|Any CPU
		{E10449E0-CB9B-F557-9F42-A1195D1D32FB}.Debug|Any CPU.Build.0 = Debug|Any CPU
		{E10449E0-CB9B-F557-9F42-A1195D1D32FB}.Release|Any CPU.ActiveCfg = Release|Any CPU
		{E10449E0-CB9B-F557-9F42-A1195D1D32FB}.Release|Any CPU.Build.0 = Release|Any CPU
		{3F42EDE2-6ABC-B9E4-C73B-37E454803AB1}.Debug|Any CPU.ActiveCfg = Debug|Any CPU
		{3F42EDE2-6ABC-B9E4-C73B-37E454803AB1}.Debug|Any CPU.Build.0 = Debug|Any CPU
		{3F42EDE2-6ABC-B9E4-C73B-37E454803AB1}.Release|Any CPU.ActiveCfg = Release|Any CPU
		{3F42EDE2-6ABC-B9E4-C73B-37E454803AB1}.Release|Any CPU.Build.0 = Release|Any CPU
		{507A3A9D-1F0C-44DC-60A5-985D43651ECE}.Debug|Any CPU.ActiveCfg = Debug|Any CPU
		{507A3A9D-1F0C-44DC-60A5-985D43651ECE}.Debug|Any CPU.Build.0 = Debug|Any CPU
		{507A3A9D-1F0C-44DC-60A5-985D43651ECE}.Release|Any CPU.ActiveCfg = Release|Any CPU
		{507A3A9D-1F0C-44DC-60A5-985D43651ECE}.Release|Any CPU.Build.0 = Release|Any CPU
		{F4CB1CCF-2062-4D34-A14A-67D4B7B936EA}.Debug|Any CPU.ActiveCfg = Debug|Any CPU
		{F4CB1CCF-2062-4D34-A14A-67D4B7B936EA}.Debug|Any CPU.Build.0 = Debug|Any CPU
		{F4CB1CCF-2062-4D34-A14A-67D4B7B936EA}.Release|Any CPU.ActiveCfg = Release|Any CPU
		{F4CB1CCF-2062-4D34-A14A-67D4B7B936EA}.Release|Any CPU.Build.0 = Release|Any CPU
		{E5049596-17F4-4AC6-9C95-FBA00423C32D}.Debug|Any CPU.ActiveCfg = Debug|Any CPU
		{E5049596-17F4-4AC6-9C95-FBA00423C32D}.Debug|Any CPU.Build.0 = Debug|Any CPU
		{E5049596-17F4-4AC6-9C95-FBA00423C32D}.Release|Any CPU.ActiveCfg = Release|Any CPU
		{E5049596-17F4-4AC6-9C95-FBA00423C32D}.Release|Any CPU.Build.0 = Release|Any CPU
		{59BE5F22-4E87-42B2-BEB8-12226E5858B3}.Debug|Any CPU.ActiveCfg = Debug|Any CPU
		{59BE5F22-4E87-42B2-BEB8-12226E5858B3}.Debug|Any CPU.Build.0 = Debug|Any CPU
		{59BE5F22-4E87-42B2-BEB8-12226E5858B3}.Release|Any CPU.ActiveCfg = Release|Any CPU
		{59BE5F22-4E87-42B2-BEB8-12226E5858B3}.Release|Any CPU.Build.0 = Release|Any CPU
	EndGlobalSection
	GlobalSection(SolutionProperties) = preSolution
		HideSolutionNode = FALSE
	EndGlobalSection
EndGlobal
